
Microsoft Visual Studio Solution File, Format Version 12.00
# Visual Studio 2012
Project("{FAE04EC0-301F-11D3-BF4B-00C04F79EFBC}") = "MyStuff", "MyStuff\MyStuff.csproj", "{9DE21794-0BF5-4C85-A920-D28364269C96}"
EndProject
Project("{FAE04EC0-301F-11D3-BF4B-00C04F79EFBC}") = "MyStuff.iOS", "iOS\MyStuff.iOS.csproj", "{A4FE5E5C-9E5B-4AFD-A76C-616644A647BD}"
EndProject
Project("{FAE04EC0-301F-11D3-BF4B-00C04F79EFBC}") = "MyStuff.Droid", "Droid\MyStuff.Droid.csproj", "{B1B673F1-9EA6-4A17-94D9-6044F2EE730F}"
EndProject
Global
	GlobalSection(SolutionConfigurationPlatforms) = preSolution
		Debug|Any CPU = Debug|Any CPU
		Release|Any CPU = Release|Any CPU
		Debug|iPhoneSimulator = Debug|iPhoneSimulator
		Release|iPhone = Release|iPhone
		Release|iPhoneSimulator = Release|iPhoneSimulator
		Debug|iPhone = Debug|iPhone
	EndGlobalSection
	GlobalSection(ProjectConfigurationPlatforms) = postSolution
		{9DE21794-0BF5-4C85-A920-D28364269C96}.Debug|Any CPU.ActiveCfg = Debug|Any CPU
		{9DE21794-0BF5-4C85-A920-D28364269C96}.Debug|Any CPU.Build.0 = Debug|Any CPU
		{9DE21794-0BF5-4C85-A920-D28364269C96}.Release|Any CPU.ActiveCfg = Release|Any CPU
		{9DE21794-0BF5-4C85-A920-D28364269C96}.Release|Any CPU.Build.0 = Release|Any CPU
		{9DE21794-0BF5-4C85-A920-D28364269C96}.Debug|iPhoneSimulator.ActiveCfg = Debug|Any CPU
		{9DE21794-0BF5-4C85-A920-D28364269C96}.Debug|iPhoneSimulator.Build.0 = Debug|Any CPU
		{9DE21794-0BF5-4C85-A920-D28364269C96}.Release|iPhone.ActiveCfg = Release|Any CPU
		{9DE21794-0BF5-4C85-A920-D28364269C96}.Release|iPhone.Build.0 = Release|Any CPU
		{9DE21794-0BF5-4C85-A920-D28364269C96}.Release|iPhoneSimulator.ActiveCfg = Release|Any CPU
		{9DE21794-0BF5-4C85-A920-D28364269C96}.Release|iPhoneSimulator.Build.0 = Release|Any CPU
		{9DE21794-0BF5-4C85-A920-D28364269C96}.Debug|iPhone.ActiveCfg = Debug|Any CPU
		{9DE21794-0BF5-4C85-A920-D28364269C96}.Debug|iPhone.Build.0 = Debug|Any CPU
		{A4FE5E5C-9E5B-4AFD-A76C-616644A647BD}.Debug|Any CPU.ActiveCfg = Debug|iPhoneSimulator
		{A4FE5E5C-9E5B-4AFD-A76C-616644A647BD}.Debug|Any CPU.Build.0 = Debug|iPhoneSimulator
		{A4FE5E5C-9E5B-4AFD-A76C-616644A647BD}.Release|Any CPU.ActiveCfg = Release|iPhone
		{A4FE5E5C-9E5B-4AFD-A76C-616644A647BD}.Release|Any CPU.Build.0 = Release|iPhone
		{A4FE5E5C-9E5B-4AFD-A76C-616644A647BD}.Debug|iPhoneSimulator.ActiveCfg = Debug|iPhoneSimulator
		{A4FE5E5C-9E5B-4AFD-A76C-616644A647BD}.Debug|iPhoneSimulator.Build.0 = Debug|iPhoneSimulator
		{A4FE5E5C-9E5B-4AFD-A76C-616644A647BD}.Release|iPhone.ActiveCfg = Release|iPhone
		{A4FE5E5C-9E5B-4AFD-A76C-616644A647BD}.Release|iPhone.Build.0 = Release|iPhone
		{A4FE5E5C-9E5B-4AFD-A76C-616644A647BD}.Release|iPhoneSimulator.ActiveCfg = Release|iPhoneSimulator
		{A4FE5E5C-9E5B-4AFD-A76C-616644A647BD}.Release|iPhoneSimulator.Build.0 = Release|iPhoneSimulator
		{A4FE5E5C-9E5B-4AFD-A76C-616644A647BD}.Debug|iPhone.ActiveCfg = Debug|iPhone
		{A4FE5E5C-9E5B-4AFD-A76C-616644A647BD}.Debug|iPhone.Build.0 = Debug|iPhone
		{B1B673F1-9EA6-4A17-94D9-6044F2EE730F}.Debug|Any CPU.ActiveCfg = Debug|Any CPU
		{B1B673F1-9EA6-4A17-94D9-6044F2EE730F}.Debug|Any CPU.Build.0 = Debug|Any CPU
		{B1B673F1-9EA6-4A17-94D9-6044F2EE730F}.Release|Any CPU.ActiveCfg = Release|Any CPU
		{B1B673F1-9EA6-4A17-94D9-6044F2EE730F}.Release|Any CPU.Build.0 = Release|Any CPU
		{B1B673F1-9EA6-4A17-94D9-6044F2EE730F}.Debug|iPhoneSimulator.ActiveCfg = Debug|Any CPU
		{B1B673F1-9EA6-4A17-94D9-6044F2EE730F}.Debug|iPhoneSimulator.Build.0 = Debug|Any CPU
		{B1B673F1-9EA6-4A17-94D9-6044F2EE730F}.Release|iPhone.ActiveCfg = Release|Any CPU
		{B1B673F1-9EA6-4A17-94D9-6044F2EE730F}.Release|iPhone.Build.0 = Release|Any CPU
		{B1B673F1-9EA6-4A17-94D9-6044F2EE730F}.Release|iPhoneSimulator.ActiveCfg = Release|Any CPU
		{B1B673F1-9EA6-4A17-94D9-6044F2EE730F}.Release|iPhoneSimulator.Build.0 = Release|Any CPU
		{B1B673F1-9EA6-4A17-94D9-6044F2EE730F}.Debug|iPhone.ActiveCfg = Debug|Any CPU
		{B1B673F1-9EA6-4A17-94D9-6044F2EE730F}.Debug|iPhone.Build.0 = Debug|Any CPU
	EndGlobalSection
EndGlobal
